
Microsoft Visual Studio Solution File, Format Version 12.00
# Visual Studio Version 17
VisualStudioVersion = 17.2.32630.192
MinimumVisualStudioVersion = 10.0.40219.1
Project("{9A19103F-16F7-4668-BE54-9A1E7A4F7556}") = "R5T.D0021.Construction", "R5T.D0021.Construction\R5T.D0021.Construction.csproj", "{87E0622F-010A-41FE-9339-91590122ED00}"
EndProject
Project("{9A19103F-16F7-4668-BE54-9A1E7A4F7556}") = "R5T.D0021", "R5T.D0021\R5T.D0021.csproj", "{150869B0-CE75-4053-A098-D5A287068795}"
EndProject
Project("{9A19103F-16F7-4668-BE54-9A1E7A4F7556}") = "R5T.D0021.Base", "R5T.D0021.Base\R5T.D0021.Base.csproj", "{E4E14FA7-3AA5-4CFB-AE74-55F13720636F}"
EndProject
Project("{2150E333-8FDC-42A3-9474-1A3956D46DE8}") = "_Dependencies", "_Dependencies", "{C8476B37-173D-4363-901B-B189E360A3D2}"
EndProject
Project("{9A19103F-16F7-4668-BE54-9A1E7A4F7556}") = "R5T.T0004", "..\..\R5T.T0004\source\R5T.T0004\R5T.T0004.csproj", "{46CD7799-8947-448C-A994-8A0C315CF70D}"
EndProject
Project("{9A19103F-16F7-4668-BE54-9A1E7A4F7556}") = "R5T.T0002", "..\..\R5T.T0002\source\R5T.T0002\R5T.T0002.csproj", "{7E10D28A-51EA-42A6-95E9-518D73214D4C}"
EndProject
Project("{9A19103F-16F7-4668-BE54-9A1E7A4F7556}") = "R5T.Ostersund", "..\..\R5T.Ostersund\source\R5T.Ostersund\R5T.Ostersund.csproj", "{F6B8CD44-BA3D-4590-9A97-4E0CBB6F9484}"
EndProject
Project("{9A19103F-16F7-4668-BE54-9A1E7A4F7556}") = "R5T.T0003", "..\..\R5T.T0003\source\R5T.T0003\R5T.T0003.csproj", "{56EF358B-C810-42FE-8DB9-629F339A8F7D}"
EndProject
Project("{9A19103F-16F7-4668-BE54-9A1E7A4F7556}") = "R5T.T0005", "..\..\R5T.T0005\source\R5T.T0005\R5T.T0005.csproj", "{09954688-C50C-46CD-B187-6BC38D7198EA}"
EndProject
Project("{9A19103F-16F7-4668-BE54-9A1E7A4F7556}") = "R5T.Amphipolis", "..\..\R5T.Amphipolis\source\R5T.Amphipolis\R5T.Amphipolis.csproj", "{412A7597-D5FF-4493-9DD1-9095F1FC1C5B}"
EndProject
Project("{9A19103F-16F7-4668-BE54-9A1E7A4F7556}") = "R5T.Magyar", "..\..\R5T.Magyar\source\R5T.Magyar\R5T.Magyar.csproj", "{AAB6B8FA-467F-4F04-9428-5D3B1241A484}"
EndProject
Project("{9A19103F-16F7-4668-BE54-9A1E7A4F7556}") = "R5T.T0006", "..\..\R5T.T0006\source\R5T.T0006\R5T.T0006.csproj", "{88319263-11F9-4244-B66C-BDE5E4A0FD7A}"
EndProject
Project("{9A19103F-16F7-4668-BE54-9A1E7A4F7556}") = "R5T.Ostersund.Extensions", "..\..\R5T.Ostersund\source\R5T.Ostersund.Extensions\R5T.Ostersund.Extensions.csproj", "{DDF2FCF9-BF4F-4369-A1F4-98B67E4B4E65}"
EndProject
Project("{9A19103F-16F7-4668-BE54-9A1E7A4F7556}") = "R5T.Angleterria", "..\..\R5T.Angleterria\source\R5T.Angleterria\R5T.Angleterria.csproj", "{5EB325DF-4DF1-4F96-B2FA-FD4EFA1DD2D9}"
EndProject
Project("{9A19103F-16F7-4668-BE54-9A1E7A4F7556}") = "R5T.D0013.Base", "..\..\R5T.D0013\source\R5T.D0013.Base\R5T.D0013.Base.csproj", "{ED8B2C0F-B78F-4909-AAD3-A3A8DD2F90A1}"
EndProject
Project("{9A19103F-16F7-4668-BE54-9A1E7A4F7556}") = "R5T.D0021.Default", "R5T.D0021.Default\R5T.D0021.Default.csproj", "{1A0A229A-3AEB-4536-B9AC-5B2DFD1D3276}"
EndProject
Project("{9A19103F-16F7-4668-BE54-9A1E7A4F7556}") = "R5T.D0010.Base", "..\..\R5T.D0010\source\R5T.D0010.Base\R5T.D0010.Base.csproj", "{94979295-C66B-49C1-8447-C225167F9F3B}"
EndProject
Project("{9A19103F-16F7-4668-BE54-9A1E7A4F7556}") = "R5T.D0022.Base", "..\..\R5T.D0022\source\R5T.D0022.Base\R5T.D0022.Base.csproj", "{F625F74D-8D3E-4638-899F-DEAAEBA4C7E6}"
EndProject
Project("{9A19103F-16F7-4668-BE54-9A1E7A4F7556}") = "R5T.D0017.Base", "..\..\R5T.D0017\source\R5T.D0017.Base\R5T.D0017.Base.csproj", "{8F13C28C-CF20-439E-BDFB-874B543C111F}"
EndProject
Project("{9A19103F-16F7-4668-BE54-9A1E7A4F7556}") = "R5T.T0001", "..\..\R5T.T0001\source\R5T.T0001\R5T.T0001.csproj", "{0B699415-B68E-4C2D-B35A-70AD9CDF236B}"
EndProject
Project("{9A19103F-16F7-4668-BE54-9A1E7A4F7556}") = "R5T.D0001.Base", "..\..\R5T.D0001\source\R5T.D0001.Base\R5T.D0001.Base.csproj", "{B86AB723-40D1-48AF-8D46-07F0FC5DE7B2}"
EndProject
Project("{9A19103F-16F7-4668-BE54-9A1E7A4F7556}") = "R5T.Dacia.Extensions", "..\..\R5T.Dacia.Extensions\source\R5T.Dacia.Extensions\R5T.Dacia.Extensions.csproj", "{B3860279-3C79-4A8E-B478-B121D5A7CD25}"
EndProject
Project("{9A19103F-16F7-4668-BE54-9A1E7A4F7556}") = "R5T.Dacia", "..\..\R5T.Dacia\source\R5T.Dacia\R5T.Dacia.csproj", "{32D3B51C-E6D1-4671-9083-997A882E5F09}"
EndProject
Project("{9A19103F-16F7-4668-BE54-9A1E7A4F7556}") = "R5T.T0064", "..\..\R5T.T0064\source\R5T.T0064\R5T.T0064.csproj", "{CFFCF9B1-B508-4D3A-9352-C46030684AC8}"
EndProject
Project("{9A19103F-16F7-4668-BE54-9A1E7A4F7556}") = "R5T.T0143", "..\..\R5T.T0143\source\R5T.T0143\R5T.T0143.csproj", "{D2D44772-E9AA-4C0F-87BC-118CE7E120D6}"
EndProject
Project("{9A19103F-16F7-4668-BE54-9A1E7A4F7556}") = "R5T.T0064.T001", "..\..\R5T.T0064\source\R5T.T0064.T001\R5T.T0064.T001.csproj", "{AEA6BD15-2DD3-4041-B9BF-24DF180F2009}"
EndProject
Global
	GlobalSection(SolutionConfigurationPlatforms) = preSolution
		Debug|Any CPU = Debug|Any CPU
		Debug|x64 = Debug|x64
		Debug|x86 = Debug|x86
		Release|Any CPU = Release|Any CPU
		Release|x64 = Release|x64
		Release|x86 = Release|x86
	EndGlobalSection
	GlobalSection(ProjectConfigurationPlatforms) = postSolution
		{87E0622F-010A-41FE-9339-91590122ED00}.Debug|Any CPU.ActiveCfg = Debug|Any CPU
		{87E0622F-010A-41FE-9339-91590122ED00}.Debug|Any CPU.Build.0 = Debug|Any CPU
		{87E0622F-010A-41FE-9339-91590122ED00}.Debug|x64.ActiveCfg = Debug|Any CPU
		{87E0622F-010A-41FE-9339-91590122ED00}.Debug|x64.Build.0 = Debug|Any CPU
		{87E0622F-010A-41FE-9339-91590122ED00}.Debug|x86.ActiveCfg = Debug|Any CPU
		{87E0622F-010A-41FE-9339-91590122ED00}.Debug|x86.Build.0 = Debug|Any CPU
		{87E0622F-010A-41FE-9339-91590122ED00}.Release|Any CPU.ActiveCfg = Release|Any CPU
		{87E0622F-010A-41FE-9339-91590122ED00}.Release|Any CPU.Build.0 = Release|Any CPU
		{87E0622F-010A-41FE-9339-91590122ED00}.Release|x64.ActiveCfg = Release|Any CPU
		{87E0622F-010A-41FE-9339-91590122ED00}.Release|x64.Build.0 = Release|Any CPU
		{87E0622F-010A-41FE-9339-91590122ED00}.Release|x86.ActiveCfg = Release|Any CPU
		{87E0622F-010A-41FE-9339-91590122ED00}.Release|x86.Build.0 = Release|Any CPU
		{150869B0-CE75-4053-A098-D5A287068795}.Debug|Any CPU.ActiveCfg = Debug|Any CPU
		{150869B0-CE75-4053-A098-D5A287068795}.Debug|Any CPU.Build.0 = Debug|Any CPU
		{150869B0-CE75-4053-A098-D5A287068795}.Debug|x64.ActiveCfg = Debug|Any CPU
		{150869B0-CE75-4053-A098-D5A287068795}.Debug|x64.Build.0 = Debug|Any CPU
		{150869B0-CE75-4053-A098-D5A287068795}.Debug|x86.ActiveCfg = Debug|Any CPU
		{150869B0-CE75-4053-A098-D5A287068795}.Debug|x86.Build.0 = Debug|Any CPU
		{150869B0-CE75-4053-A098-D5A287068795}.Release|Any CPU.ActiveCfg = Release|Any CPU
		{150869B0-CE75-4053-A098-D5A287068795}.Release|Any CPU.Build.0 = Release|Any CPU
		{150869B0-CE75-4053-A098-D5A287068795}.Release|x64.ActiveCfg = Release|Any CPU
		{150869B0-CE75-4053-A098-D5A287068795}.Release|x64.Build.0 = Release|Any CPU
		{150869B0-CE75-4053-A098-D5A287068795}.Release|x86.ActiveCfg = Release|Any CPU
		{150869B0-CE75-4053-A098-D5A287068795}.Release|x86.Build.0 = Release|Any CPU
		{E4E14FA7-3AA5-4CFB-AE74-55F13720636F}.Debug|Any CPU.ActiveCfg = Debug|Any CPU
		{E4E14FA7-3AA5-4CFB-AE74-55F13720636F}.Debug|Any CPU.Build.0 = Debug|Any CPU
		{E4E14FA7-3AA5-4CFB-AE74-55F13720636F}.Debug|x64.ActiveCfg = Debug|Any CPU
		{E4E14FA7-3AA5-4CFB-AE74-55F13720636F}.Debug|x64.Build.0 = Debug|Any CPU
		{E4E14FA7-3AA5-4CFB-AE74-55F13720636F}.Debug|x86.ActiveCfg = Debug|Any CPU
		{E4E14FA7-3AA5-4CFB-AE74-55F13720636F}.Debug|x86.Build.0 = Debug|Any CPU
		{E4E14FA7-3AA5-4CFB-AE74-55F13720636F}.Release|Any CPU.ActiveCfg = Release|Any CPU
		{E4E14FA7-3AA5-4CFB-AE74-55F13720636F}.Release|Any CPU.Build.0 = Release|Any CPU
		{E4E14FA7-3AA5-4CFB-AE74-55F13720636F}.Release|x64.ActiveCfg = Release|Any CPU
		{E4E14FA7-3AA5-4CFB-AE74-55F13720636F}.Release|x64.Build.0 = Release|Any CPU
		{E4E14FA7-3AA5-4CFB-AE74-55F13720636F}.Release|x86.ActiveCfg = Release|Any CPU
		{E4E14FA7-3AA5-4CFB-AE74-55F13720636F}.Release|x86.Build.0 = Release|Any CPU
		{46CD7799-8947-448C-A994-8A0C315CF70D}.Debug|Any CPU.ActiveCfg = Debug|Any CPU
		{46CD7799-8947-448C-A994-8A0C315CF70D}.Debug|Any CPU.Build.0 = Debug|Any CPU
		{46CD7799-8947-448C-A994-8A0C315CF70D}.Debug|x64.ActiveCfg = Debug|Any CPU
		{46CD7799-8947-448C-A994-8A0C315CF70D}.Debug|x64.Build.0 = Debug|Any CPU
		{46CD7799-8947-448C-A994-8A0C315CF70D}.Debug|x86.ActiveCfg = Debug|Any CPU
		{46CD7799-8947-448C-A994-8A0C315CF70D}.Debug|x86.Build.0 = Debug|Any CPU
		{46CD7799-8947-448C-A994-8A0C315CF70D}.Release|Any CPU.ActiveCfg = Release|Any CPU
		{46CD7799-8947-448C-A994-8A0C315CF70D}.Release|Any CPU.Build.0 = Release|Any CPU
		{46CD7799-8947-448C-A994-8A0C315CF70D}.Release|x64.ActiveCfg = Release|Any CPU
		{46CD7799-8947-448C-A994-8A0C315CF70D}.Release|x64.Build.0 = Release|Any CPU
		{46CD7799-8947-448C-A994-8A0C315CF70D}.Release|x86.ActiveCfg = Release|Any CPU
		{46CD7799-8947-448C-A994-8A0C315CF70D}.Release|x86.Build.0 = Release|Any CPU
		{7E10D28A-51EA-42A6-95E9-518D73214D4C}.Debug|Any CPU.ActiveCfg = Debug|Any CPU
		{7E10D28A-51EA-42A6-95E9-518D73214D4C}.Debug|Any CPU.Build.0 = Debug|Any CPU
		{7E10D28A-51EA-42A6-95E9-518D73214D4C}.Debug|x64.ActiveCfg = Debug|Any CPU
		{7E10D28A-51EA-42A6-95E9-518D73214D4C}.Debug|x64.Build.0 = Debug|Any CPU
		{7E10D28A-51EA-42A6-95E9-518D73214D4C}.Debug|x86.ActiveCfg = Debug|Any CPU
		{7E10D28A-51EA-42A6-95E9-518D73214D4C}.Debug|x86.Build.0 = Debug|Any CPU
		{7E10D28A-51EA-42A6-95E9-518D73214D4C}.Release|Any CPU.ActiveCfg = Release|Any CPU
		{7E10D28A-51EA-42A6-95E9-518D73214D4C}.Release|Any CPU.Build.0 = Release|Any CPU
		{7E10D28A-51EA-42A6-95E9-518D73214D4C}.Release|x64.ActiveCfg = Release|Any CPU
		{7E10D28A-51EA-42A6-95E9-518D73214D4C}.Release|x64.Build.0 = Release|Any CPU
		{7E10D28A-51EA-42A6-95E9-518D73214D4C}.Release|x86.ActiveCfg = Release|Any CPU
		{7E10D28A-51EA-42A6-95E9-518D73214D4C}.Release|x86.Build.0 = Release|Any CPU
		{F6B8CD44-BA3D-4590-9A97-4E0CBB6F9484}.Debug|Any CPU.ActiveCfg = Debug|Any CPU
		{F6B8CD44-BA3D-4590-9A97-4E0CBB6F9484}.Debug|Any CPU.Build.0 = Debug|Any CPU
		{F6B8CD44-BA3D-4590-9A97-4E0CBB6F9484}.Debug|x64.ActiveCfg = Debug|Any CPU
		{F6B8CD44-BA3D-4590-9A97-4E0CBB6F9484}.Debug|x64.Build.0 = Debug|Any CPU
		{F6B8CD44-BA3D-4590-9A97-4E0CBB6F9484}.Debug|x86.ActiveCfg = Debug|Any CPU
		{F6B8CD44-BA3D-4590-9A97-4E0CBB6F9484}.Debug|x86.Build.0 = Debug|Any CPU
		{F6B8CD44-BA3D-4590-9A97-4E0CBB6F9484}.Release|Any CPU.ActiveCfg = Release|Any CPU
		{F6B8CD44-BA3D-4590-9A97-4E0CBB6F9484}.Release|Any CPU.Build.0 = Release|Any CPU
		{F6B8CD44-BA3D-4590-9A97-4E0CBB6F9484}.Release|x64.ActiveCfg = Release|Any CPU
		{F6B8CD44-BA3D-4590-9A97-4E0CBB6F9484}.Release|x64.Build.0 = Release|Any CPU
		{F6B8CD44-BA3D-4590-9A97-4E0CBB6F9484}.Release|x86.ActiveCfg = Release|Any CPU
		{F6B8CD44-BA3D-4590-9A97-4E0CBB6F9484}.Release|x86.Build.0 = Release|Any CPU
		{56EF358B-C810-42FE-8DB9-629F339A8F7D}.Debug|Any CPU.ActiveCfg = Debug|Any CPU
		{56EF358B-C810-42FE-8DB9-629F339A8F7D}.Debug|Any CPU.Build.0 = Debug|Any CPU
		{56EF358B-C810-42FE-8DB9-629F339A8F7D}.Debug|x64.ActiveCfg = Debug|Any CPU
		{56EF358B-C810-42FE-8DB9-629F339A8F7D}.Debug|x64.Build.0 = Debug|Any CPU
		{56EF358B-C810-42FE-8DB9-629F339A8F7D}.Debug|x86.ActiveCfg = Debug|Any CPU
		{56EF358B-C810-42FE-8DB9-629F339A8F7D}.Debug|x86.Build.0 = Debug|Any CPU
		{56EF358B-C810-42FE-8DB9-629F339A8F7D}.Release|Any CPU.ActiveCfg = Release|Any CPU
		{56EF358B-C810-42FE-8DB9-629F339A8F7D}.Release|Any CPU.Build.0 = Release|Any CPU
		{56EF358B-C810-42FE-8DB9-629F339A8F7D}.Release|x64.ActiveCfg = Release|Any CPU
		{56EF358B-C810-42FE-8DB9-629F339A8F7D}.Release|x64.Build.0 = Release|Any CPU
		{56EF358B-C810-42FE-8DB9-629F339A8F7D}.Release|x86.ActiveCfg = Release|Any CPU
		{56EF358B-C810-42FE-8DB9-629F339A8F7D}.Release|x86.Build.0 = Release|Any CPU
		{09954688-C50C-46CD-B187-6BC38D7198EA}.Debug|Any CPU.ActiveCfg = Debug|Any CPU
		{09954688-C50C-46CD-B187-6BC38D7198EA}.Debug|Any CPU.Build.0 = Debug|Any CPU
		{09954688-C50C-46CD-B187-6BC38D7198EA}.Debug|x64.ActiveCfg = Debug|Any CPU
		{09954688-C50C-46CD-B187-6BC38D7198EA}.Debug|x64.Build.0 = Debug|Any CPU
		{09954688-C50C-46CD-B187-6BC38D7198EA}.Debug|x86.ActiveCfg = Debug|Any CPU
		{09954688-C50C-46CD-B187-6BC38D7198EA}.Debug|x86.Build.0 = Debug|Any CPU
		{09954688-C50C-46CD-B187-6BC38D7198EA}.Release|Any CPU.ActiveCfg = Release|Any CPU
		{09954688-C50C-46CD-B187-6BC38D7198EA}.Release|Any CPU.Build.0 = Release|Any CPU
		{09954688-C50C-46CD-B187-6BC38D7198EA}.Release|x64.ActiveCfg = Release|Any CPU
		{09954688-C50C-46CD-B187-6BC38D7198EA}.Release|x64.Build.0 = Release|Any CPU
		{09954688-C50C-46CD-B187-6BC38D7198EA}.Release|x86.ActiveCfg = Release|Any CPU
		{09954688-C50C-46CD-B187-6BC38D7198EA}.Release|x86.Build.0 = Release|Any CPU
		{412A7597-D5FF-4493-9DD1-9095F1FC1C5B}.Debug|Any CPU.ActiveCfg = Debug|Any CPU
		{412A7597-D5FF-4493-9DD1-9095F1FC1C5B}.Debug|Any CPU.Build.0 = Debug|Any CPU
		{412A7597-D5FF-4493-9DD1-9095F1FC1C5B}.Debug|x64.ActiveCfg = Debug|Any CPU
		{412A7597-D5FF-4493-9DD1-9095F1FC1C5B}.Debug|x64.Build.0 = Debug|Any CPU
		{412A7597-D5FF-4493-9DD1-9095F1FC1C5B}.Debug|x86.ActiveCfg = Debug|Any CPU
		{412A7597-D5FF-4493-9DD1-9095F1FC1C5B}.Debug|x86.Build.0 = Debug|Any CPU
		{412A7597-D5FF-4493-9DD1-9095F1FC1C5B}.Release|Any CPU.ActiveCfg = Release|Any CPU
		{412A7597-D5FF-4493-9DD1-9095F1FC1C5B}.Release|Any CPU.Build.0 = Release|Any CPU
		{412A7597-D5FF-4493-9DD1-9095F1FC1C5B}.Release|x64.ActiveCfg = Release|Any CPU
		{412A7597-D5FF-4493-9DD1-9095F1FC1C5B}.Release|x64.Build.0 = Release|Any CPU
		{412A7597-D5FF-4493-9DD1-9095F1FC1C5B}.Release|x86.ActiveCfg = Release|Any CPU
		{412A7597-D5FF-4493-9DD1-9095F1FC1C5B}.Release|x86.Build.0 = Release|Any CPU
		{AAB6B8FA-467F-4F04-9428-5D3B1241A484}.Debug|Any CPU.ActiveCfg = Debug|Any CPU
		{AAB6B8FA-467F-4F04-9428-5D3B1241A484}.Debug|Any CPU.Build.0 = Debug|Any CPU
		{AAB6B8FA-467F-4F04-9428-5D3B1241A484}.Debug|x64.ActiveCfg = Debug|Any CPU
		{AAB6B8FA-467F-4F04-9428-5D3B1241A484}.Debug|x64.Build.0 = Debug|Any CPU
		{AAB6B8FA-467F-4F04-9428-5D3B1241A484}.Debug|x86.ActiveCfg = Debug|Any CPU
		{AAB6B8FA-467F-4F04-9428-5D3B1241A484}.Debug|x86.Build.0 = Debug|Any CPU
		{AAB6B8FA-467F-4F04-9428-5D3B1241A484}.Release|Any CPU.ActiveCfg = Release|Any CPU
		{AAB6B8FA-467F-4F04-9428-5D3B1241A484}.Release|Any CPU.Build.0 = Release|Any CPU
		{AAB6B8FA-467F-4F04-9428-5D3B1241A484}.Release|x64.ActiveCfg = Release|Any CPU
		{AAB6B8FA-467F-4F04-9428-5D3B1241A484}.Release|x64.Build.0 = Release|Any CPU
		{AAB6B8FA-467F-4F04-9428-5D3B1241A484}.Release|x86.ActiveCfg = Release|Any CPU
		{AAB6B8FA-467F-4F04-9428-5D3B1241A484}.Release|x86.Build.0 = Release|Any CPU
		{88319263-11F9-4244-B66C-BDE5E4A0FD7A}.Debug|Any CPU.ActiveCfg = Debug|Any CPU
		{88319263-11F9-4244-B66C-BDE5E4A0FD7A}.Debug|Any CPU.Build.0 = Debug|Any CPU
		{88319263-11F9-4244-B66C-BDE5E4A0FD7A}.Debug|x64.ActiveCfg = Debug|Any CPU
		{88319263-11F9-4244-B66C-BDE5E4A0FD7A}.Debug|x64.Build.0 = Debug|Any CPU
		{88319263-11F9-4244-B66C-BDE5E4A0FD7A}.Debug|x86.ActiveCfg = Debug|Any CPU
		{88319263-11F9-4244-B66C-BDE5E4A0FD7A}.Debug|x86.Build.0 = Debug|Any CPU
		{88319263-11F9-4244-B66C-BDE5E4A0FD7A}.Release|Any CPU.ActiveCfg = Release|Any CPU
		{88319263-11F9-4244-B66C-BDE5E4A0FD7A}.Release|Any CPU.Build.0 = Release|Any CPU
		{88319263-11F9-4244-B66C-BDE5E4A0FD7A}.Release|x64.ActiveCfg = Release|Any CPU
		{88319263-11F9-4244-B66C-BDE5E4A0FD7A}.Release|x64.Build.0 = Release|Any CPU
		{88319263-11F9-4244-B66C-BDE5E4A0FD7A}.Release|x86.ActiveCfg = Release|Any CPU
		{88319263-11F9-4244-B66C-BDE5E4A0FD7A}.Release|x86.Build.0 = Release|Any CPU
		{DDF2FCF9-BF4F-4369-A1F4-98B67E4B4E65}.Debug|Any CPU.ActiveCfg = Debug|Any CPU
		{DDF2FCF9-BF4F-4369-A1F4-98B67E4B4E65}.Debug|Any CPU.Build.0 = Debug|Any CPU
		{DDF2FCF9-BF4F-4369-A1F4-98B67E4B4E65}.Debug|x64.ActiveCfg = Debug|Any CPU
		{DDF2FCF9-BF4F-4369-A1F4-98B67E4B4E65}.Debug|x64.Build.0 = Debug|Any CPU
		{DDF2FCF9-BF4F-4369-A1F4-98B67E4B4E65}.Debug|x86.ActiveCfg = Debug|Any CPU
		{DDF2FCF9-BF4F-4369-A1F4-98B67E4B4E65}.Debug|x86.Build.0 = Debug|Any CPU
		{DDF2FCF9-BF4F-4369-A1F4-98B67E4B4E65}.Release|Any CPU.ActiveCfg = Release|Any CPU
		{DDF2FCF9-BF4F-4369-A1F4-98B67E4B4E65}.Release|Any CPU.Build.0 = Release|Any CPU
		{DDF2FCF9-BF4F-4369-A1F4-98B67E4B4E65}.Release|x64.ActiveCfg = Release|Any CPU
		{DDF2FCF9-BF4F-4369-A1F4-98B67E4B4E65}.Release|x64.Build.0 = Release|Any CPU
		{DDF2FCF9-BF4F-4369-A1F4-98B67E4B4E65}.Release|x86.ActiveCfg = Release|Any CPU
		{DDF2FCF9-BF4F-4369-A1F4-98B67E4B4E65}.Release|x86.Build.0 = Release|Any CPU
		{5EB325DF-4DF1-4F96-B2FA-FD4EFA1DD2D9}.Debug|Any CPU.ActiveCfg = Debug|Any CPU
		{5EB325DF-4DF1-4F96-B2FA-FD4EFA1DD2D9}.Debug|Any CPU.Build.0 = Debug|Any CPU
		{5EB325DF-4DF1-4F96-B2FA-FD4EFA1DD2D9}.Debug|x64.ActiveCfg = Debug|Any CPU
		{5EB325DF-4DF1-4F96-B2FA-FD4EFA1DD2D9}.Debug|x64.Build.0 = Debug|Any CPU
		{5EB325DF-4DF1-4F96-B2FA-FD4EFA1DD2D9}.Debug|x86.ActiveCfg = Debug|Any CPU
		{5EB325DF-4DF1-4F96-B2FA-FD4EFA1DD2D9}.Debug|x86.Build.0 = Debug|Any CPU
		{5EB325DF-4DF1-4F96-B2FA-FD4EFA1DD2D9}.Release|Any CPU.ActiveCfg = Release|Any CPU
		{5EB325DF-4DF1-4F96-B2FA-FD4EFA1DD2D9}.Release|Any CPU.Build.0 = Release|Any CPU
		{5EB325DF-4DF1-4F96-B2FA-FD4EFA1DD2D9}.Release|x64.ActiveCfg = Release|Any CPU
		{5EB325DF-4DF1-4F96-B2FA-FD4EFA1DD2D9}.Release|x64.Build.0 = Release|Any CPU
		{5EB325DF-4DF1-4F96-B2FA-FD4EFA1DD2D9}.Release|x86.ActiveCfg = Release|Any CPU
		{5EB325DF-4DF1-4F96-B2FA-FD4EFA1DD2D9}.Release|x86.Build.0 = Release|Any CPU
		{ED8B2C0F-B78F-4909-AAD3-A3A8DD2F90A1}.Debug|Any CPU.ActiveCfg = Debug|Any CPU
		{ED8B2C0F-B78F-4909-AAD3-A3A8DD2F90A1}.Debug|Any CPU.Build.0 = Debug|Any CPU
		{ED8B2C0F-B78F-4909-AAD3-A3A8DD2F90A1}.Debug|x64.ActiveCfg = Debug|Any CPU
		{ED8B2C0F-B78F-4909-AAD3-A3A8DD2F90A1}.Debug|x64.Build.0 = Debug|Any CPU
		{ED8B2C0F-B78F-4909-AAD3-A3A8DD2F90A1}.Debug|x86.ActiveCfg = Debug|Any CPU
		{ED8B2C0F-B78F-4909-AAD3-A3A8DD2F90A1}.Debug|x86.Build.0 = Debug|Any CPU
		{ED8B2C0F-B78F-4909-AAD3-A3A8DD2F90A1}.Release|Any CPU.ActiveCfg = Release|Any CPU
		{ED8B2C0F-B78F-4909-AAD3-A3A8DD2F90A1}.Release|Any CPU.Build.0 = Release|Any CPU
		{ED8B2C0F-B78F-4909-AAD3-A3A8DD2F90A1}.Release|x64.ActiveCfg = Release|Any CPU
		{ED8B2C0F-B78F-4909-AAD3-A3A8DD2F90A1}.Release|x64.Build.0 = Release|Any CPU
		{ED8B2C0F-B78F-4909-AAD3-A3A8DD2F90A1}.Release|x86.ActiveCfg = Release|Any CPU
		{ED8B2C0F-B78F-4909-AAD3-A3A8DD2F90A1}.Release|x86.Build.0 = Release|Any CPU
		{1A0A229A-3AEB-4536-B9AC-5B2DFD1D3276}.Debug|Any CPU.ActiveCfg = Debug|Any CPU
		{1A0A229A-3AEB-4536-B9AC-5B2DFD1D3276}.Debug|Any CPU.Build.0 = Debug|Any CPU
		{1A0A229A-3AEB-4536-B9AC-5B2DFD1D3276}.Debug|x64.ActiveCfg = Debug|Any CPU
		{1A0A229A-3AEB-4536-B9AC-5B2DFD1D3276}.Debug|x64.Build.0 = Debug|Any CPU
		{1A0A229A-3AEB-4536-B9AC-5B2DFD1D3276}.Debug|x86.ActiveCfg = Debug|Any CPU
		{1A0A229A-3AEB-4536-B9AC-5B2DFD1D3276}.Debug|x86.Build.0 = Debug|Any CPU
		{1A0A229A-3AEB-4536-B9AC-5B2DFD1D3276}.Release|Any CPU.ActiveCfg = Release|Any CPU
		{1A0A229A-3AEB-4536-B9AC-5B2DFD1D3276}.Release|Any CPU.Build.0 = Release|Any CPU
		{1A0A229A-3AEB-4536-B9AC-5B2DFD1D3276}.Release|x64.ActiveCfg = Release|Any CPU
		{1A0A229A-3AEB-4536-B9AC-5B2DFD1D3276}.Release|x64.Build.0 = Release|Any CPU
		{1A0A229A-3AEB-4536-B9AC-5B2DFD1D3276}.Release|x86.ActiveCfg = Release|Any CPU
		{1A0A229A-3AEB-4536-B9AC-5B2DFD1D3276}.Release|x86.Build.0 = Release|Any CPU
		{94979295-C66B-49C1-8447-C225167F9F3B}.Debug|Any CPU.ActiveCfg = Debug|Any CPU
		{94979295-C66B-49C1-8447-C225167F9F3B}.Debug|Any CPU.Build.0 = Debug|Any CPU
		{94979295-C66B-49C1-8447-C225167F9F3B}.Debug|x64.ActiveCfg = Debug|Any CPU
		{94979295-C66B-49C1-8447-C225167F9F3B}.Debug|x64.Build.0 = Debug|Any CPU
		{94979295-C66B-49C1-8447-C225167F9F3B}.Debug|x86.ActiveCfg = Debug|Any CPU
		{94979295-C66B-49C1-8447-C225167F9F3B}.Debug|x86.Build.0 = Debug|Any CPU
		{94979295-C66B-49C1-8447-C225167F9F3B}.Release|Any CPU.ActiveCfg = Release|Any CPU
		{94979295-C66B-49C1-8447-C225167F9F3B}.Release|Any CPU.Build.0 = Release|Any CPU
		{94979295-C66B-49C1-8447-C225167F9F3B}.Release|x64.ActiveCfg = Release|Any CPU
		{94979295-C66B-49C1-8447-C225167F9F3B}.Release|x64.Build.0 = Release|Any CPU
		{94979295-C66B-49C1-8447-C225167F9F3B}.Release|x86.ActiveCfg = Release|Any CPU
		{94979295-C66B-49C1-8447-C225167F9F3B}.Release|x86.Build.0 = Release|Any CPU
		{F625F74D-8D3E-4638-899F-DEAAEBA4C7E6}.Debug|Any CPU.ActiveCfg = Debug|Any CPU
		{F625F74D-8D3E-4638-899F-DEAAEBA4C7E6}.Debug|Any CPU.Build.0 = Debug|Any CPU
		{F625F74D-8D3E-4638-899F-DEAAEBA4C7E6}.Debug|x64.ActiveCfg = Debug|Any CPU
		{F625F74D-8D3E-4638-899F-DEAAEBA4C7E6}.Debug|x64.Build.0 = Debug|Any CPU
		{F625F74D-8D3E-4638-899F-DEAAEBA4C7E6}.Debug|x86.ActiveCfg = Debug|Any CPU
		{F625F74D-8D3E-4638-899F-DEAAEBA4C7E6}.Debug|x86.Build.0 = Debug|Any CPU
		{F625F74D-8D3E-4638-899F-DEAAEBA4C7E6}.Release|Any CPU.ActiveCfg = Release|Any CPU
		{F625F74D-8D3E-4638-899F-DEAAEBA4C7E6}.Release|Any CPU.Build.0 = Release|Any CPU
		{F625F74D-8D3E-4638-899F-DEAAEBA4C7E6}.Release|x64.ActiveCfg = Release|Any CPU
		{F625F74D-8D3E-4638-899F-DEAAEBA4C7E6}.Release|x64.Build.0 = Release|Any CPU
		{F625F74D-8D3E-4638-899F-DEAAEBA4C7E6}.Release|x86.ActiveCfg = Release|Any CPU
		{F625F74D-8D3E-4638-899F-DEAAEBA4C7E6}.Release|x86.Build.0 = Release|Any CPU
		{8F13C28C-CF20-439E-BDFB-874B543C111F}.Debug|Any CPU.ActiveCfg = Debug|Any CPU
		{8F13C28C-CF20-439E-BDFB-874B543C111F}.Debug|Any CPU.Build.0 = Debug|Any CPU
		{8F13C28C-CF20-439E-BDFB-874B543C111F}.Debug|x64.ActiveCfg = Debug|Any CPU
		{8F13C28C-CF20-439E-BDFB-874B543C111F}.Debug|x64.Build.0 = Debug|Any CPU
		{8F13C28C-CF20-439E-BDFB-874B543C111F}.Debug|x86.ActiveCfg = Debug|Any CPU
		{8F13C28C-CF20-439E-BDFB-874B543C111F}.Debug|x86.Build.0 = Debug|Any CPU
		{8F13C28C-CF20-439E-BDFB-874B543C111F}.Release|Any CPU.ActiveCfg = Release|Any CPU
		{8F13C28C-CF20-439E-BDFB-874B543C111F}.Release|Any CPU.Build.0 = Release|Any CPU
		{8F13C28C-CF20-439E-BDFB-874B543C111F}.Release|x64.ActiveCfg = Release|Any CPU
		{8F13C28C-CF20-439E-BDFB-874B543C111F}.Release|x64.Build.0 = Release|Any CPU
		{8F13C28C-CF20-439E-BDFB-874B543C111F}.Release|x86.ActiveCfg = Release|Any CPU
		{8F13C28C-CF20-439E-BDFB-874B543C111F}.Release|x86.Build.0 = Release|Any CPU
		{0B699415-B68E-4C2D-B35A-70AD9CDF236B}.Debug|Any CPU.ActiveCfg = Debug|Any CPU
		{0B699415-B68E-4C2D-B35A-70AD9CDF236B}.Debug|Any CPU.Build.0 = Debug|Any CPU
		{0B699415-B68E-4C2D-B35A-70AD9CDF236B}.Debug|x64.ActiveCfg = Debug|Any CPU
		{0B699415-B68E-4C2D-B35A-70AD9CDF236B}.Debug|x64.Build.0 = Debug|Any CPU
		{0B699415-B68E-4C2D-B35A-70AD9CDF236B}.Debug|x86.ActiveCfg = Debug|Any CPU
		{0B699415-B68E-4C2D-B35A-70AD9CDF236B}.Debug|x86.Build.0 = Debug|Any CPU
		{0B699415-B68E-4C2D-B35A-70AD9CDF236B}.Release|Any CPU.ActiveCfg = Release|Any CPU
		{0B699415-B68E-4C2D-B35A-70AD9CDF236B}.Release|Any CPU.Build.0 = Release|Any CPU
		{0B699415-B68E-4C2D-B35A-70AD9CDF236B}.Release|x64.ActiveCfg = Release|Any CPU
		{0B699415-B68E-4C2D-B35A-70AD9CDF236B}.Release|x64.Build.0 = Release|Any CPU
		{0B699415-B68E-4C2D-B35A-70AD9CDF236B}.Release|x86.ActiveCfg = Release|Any CPU
		{0B699415-B68E-4C2D-B35A-70AD9CDF236B}.Release|x86.Build.0 = Release|Any CPU
		{B86AB723-40D1-48AF-8D46-07F0FC5DE7B2}.Debug|Any CPU.ActiveCfg = Debug|Any CPU
		{B86AB723-40D1-48AF-8D46-07F0FC5DE7B2}.Debug|Any CPU.Build.0 = Debug|Any CPU
		{B86AB723-40D1-48AF-8D46-07F0FC5DE7B2}.Debug|x64.ActiveCfg = Debug|Any CPU
		{B86AB723-40D1-48AF-8D46-07F0FC5DE7B2}.Debug|x64.Build.0 = Debug|Any CPU
		{B86AB723-40D1-48AF-8D46-07F0FC5DE7B2}.Debug|x86.ActiveCfg = Debug|Any CPU
		{B86AB723-40D1-48AF-8D46-07F0FC5DE7B2}.Debug|x86.Build.0 = Debug|Any CPU
		{B86AB723-40D1-48AF-8D46-07F0FC5DE7B2}.Release|Any CPU.ActiveCfg = Release|Any CPU
		{B86AB723-40D1-48AF-8D46-07F0FC5DE7B2}.Release|Any CPU.Build.0 = Release|Any CPU
		{B86AB723-40D1-48AF-8D46-07F0FC5DE7B2}.Release|x64.ActiveCfg = Release|Any CPU
		{B86AB723-40D1-48AF-8D46-07F0FC5DE7B2}.Release|x64.Build.0 = Release|Any CPU
		{B86AB723-40D1-48AF-8D46-07F0FC5DE7B2}.Release|x86.ActiveCfg = Release|Any CPU
		{B86AB723-40D1-48AF-8D46-07F0FC5DE7B2}.Release|x86.Build.0 = Release|Any CPU
		{B3860279-3C79-4A8E-B478-B121D5A7CD25}.Debug|Any CPU.ActiveCfg = Debug|Any CPU
		{B3860279-3C79-4A8E-B478-B121D5A7CD25}.Debug|Any CPU.Build.0 = Debug|Any CPU
		{B3860279-3C79-4A8E-B478-B121D5A7CD25}.Debug|x64.ActiveCfg = Debug|Any CPU
		{B3860279-3C79-4A8E-B478-B121D5A7CD25}.Debug|x64.Build.0 = Debug|Any CPU
		{B3860279-3C79-4A8E-B478-B121D5A7CD25}.Debug|x86.ActiveCfg = Debug|Any CPU
		{B3860279-3C79-4A8E-B478-B121D5A7CD25}.Debug|x86.Build.0 = Debug|Any CPU
		{B3860279-3C79-4A8E-B478-B121D5A7CD25}.Release|Any CPU.ActiveCfg = Release|Any CPU
		{B3860279-3C79-4A8E-B478-B121D5A7CD25}.Release|Any CPU.Build.0 = Release|Any CPU
		{B3860279-3C79-4A8E-B478-B121D5A7CD25}.Release|x64.ActiveCfg = Release|Any CPU
		{B3860279-3C79-4A8E-B478-B121D5A7CD25}.Release|x64.Build.0 = Release|Any CPU
		{B3860279-3C79-4A8E-B478-B121D5A7CD25}.Release|x86.ActiveCfg = Release|Any CPU
		{B3860279-3C79-4A8E-B478-B121D5A7CD25}.Release|x86.Build.0 = Release|Any CPU
		{32D3B51C-E6D1-4671-9083-997A882E5F09}.Debug|Any CPU.ActiveCfg = Debug|Any CPU
		{32D3B51C-E6D1-4671-9083-997A882E5F09}.Debug|Any CPU.Build.0 = Debug|Any CPU
		{32D3B51C-E6D1-4671-9083-997A882E5F09}.Debug|x64.ActiveCfg = Debug|Any CPU
		{32D3B51C-E6D1-4671-9083-997A882E5F09}.Debug|x64.Build.0 = Debug|Any CPU
		{32D3B51C-E6D1-4671-9083-997A882E5F09}.Debug|x86.ActiveCfg = Debug|Any CPU
		{32D3B51C-E6D1-4671-9083-997A882E5F09}.Debug|x86.Build.0 = Debug|Any CPU
		{32D3B51C-E6D1-4671-9083-997A882E5F09}.Release|Any CPU.ActiveCfg = Release|Any CPU
		{32D3B51C-E6D1-4671-9083-997A882E5F09}.Release|Any CPU.Build.0 = Release|Any CPU
		{32D3B51C-E6D1-4671-9083-997A882E5F09}.Release|x64.ActiveCfg = Release|Any CPU
		{32D3B51C-E6D1-4671-9083-997A882E5F09}.Release|x64.Build.0 = Release|Any CPU
		{32D3B51C-E6D1-4671-9083-997A882E5F09}.Release|x86.ActiveCfg = Release|Any CPU
		{32D3B51C-E6D1-4671-9083-997A882E5F09}.Release|x86.Build.0 = Release|Any CPU
		{CFFCF9B1-B508-4D3A-9352-C46030684AC8}.Debug|Any CPU.ActiveCfg = Debug|Any CPU
		{CFFCF9B1-B508-4D3A-9352-C46030684AC8}.Debug|Any CPU.Build.0 = Debug|Any CPU
		{CFFCF9B1-B508-4D3A-9352-C46030684AC8}.Debug|x64.ActiveCfg = Debug|Any CPU
		{CFFCF9B1-B508-4D3A-9352-C46030684AC8}.Debug|x64.Build.0 = Debug|Any CPU
		{CFFCF9B1-B508-4D3A-9352-C46030684AC8}.Debug|x86.ActiveCfg = Debug|Any CPU
		{CFFCF9B1-B508-4D3A-9352-C46030684AC8}.Debug|x86.Build.0 = Debug|Any CPU
		{CFFCF9B1-B508-4D3A-9352-C46030684AC8}.Release|Any CPU.ActiveCfg = Release|Any CPU
		{CFFCF9B1-B508-4D3A-9352-C46030684AC8}.Release|Any CPU.Build.0 = Release|Any CPU
		{CFFCF9B1-B508-4D3A-9352-C46030684AC8}.Release|x64.ActiveCfg = Release|Any CPU
		{CFFCF9B1-B508-4D3A-9352-C46030684AC8}.Release|x64.Build.0 = Release|Any CPU
		{CFFCF9B1-B508-4D3A-9352-C46030684AC8}.Release|x86.ActiveCfg = Release|Any CPU
		{CFFCF9B1-B508-4D3A-9352-C46030684AC8}.Release|x86.Build.0 = Release|Any CPU
		{D2D44772-E9AA-4C0F-87BC-118CE7E120D6}.Debug|Any CPU.ActiveCfg = Debug|Any CPU
		{D2D44772-E9AA-4C0F-87BC-118CE7E120D6}.Debug|Any CPU.Build.0 = Debug|Any CPU
		{D2D44772-E9AA-4C0F-87BC-118CE7E120D6}.Debug|x64.ActiveCfg = Debug|Any CPU
		{D2D44772-E9AA-4C0F-87BC-118CE7E120D6}.Debug|x64.Build.0 = Debug|Any CPU
		{D2D44772-E9AA-4C0F-87BC-118CE7E120D6}.Debug|x86.ActiveCfg = Debug|Any CPU
		{D2D44772-E9AA-4C0F-87BC-118CE7E120D6}.Debug|x86.Build.0 = Debug|Any CPU
		{D2D44772-E9AA-4C0F-87BC-118CE7E120D6}.Release|Any CPU.ActiveCfg = Release|Any CPU
		{D2D44772-E9AA-4C0F-87BC-118CE7E120D6}.Release|Any CPU.Build.0 = Release|Any CPU
		{D2D44772-E9AA-4C0F-87BC-118CE7E120D6}.Release|x64.ActiveCfg = Release|Any CPU
		{D2D44772-E9AA-4C0F-87BC-118CE7E120D6}.Release|x64.Build.0 = Release|Any CPU
		{D2D44772-E9AA-4C0F-87BC-118CE7E120D6}.Release|x86.ActiveCfg = Release|Any CPU
		{D2D44772-E9AA-4C0F-87BC-118CE7E120D6}.Release|x86.Build.0 = Release|Any CPU
		{AEA6BD15-2DD3-4041-B9BF-24DF180F2009}.Debug|Any CPU.ActiveCfg = Debug|Any CPU
		{AEA6BD15-2DD3-4041-B9BF-24DF180F2009}.Debug|Any CPU.Build.0 = Debug|Any CPU
		{AEA6BD15-2DD3-4041-B9BF-24DF180F2009}.Debug|x64.ActiveCfg = Debug|Any CPU
		{AEA6BD15-2DD3-4041-B9BF-24DF180F2009}.Debug|x64.Build.0 = Debug|Any CPU
		{AEA6BD15-2DD3-4041-B9BF-24DF180F2009}.Debug|x86.ActiveCfg = Debug|Any CPU
		{AEA6BD15-2DD3-4041-B9BF-24DF180F2009}.Debug|x86.Build.0 = Debug|Any CPU
		{AEA6BD15-2DD3-4041-B9BF-24DF180F2009}.Release|Any CPU.ActiveCfg = Release|Any CPU
		{AEA6BD15-2DD3-4041-B9BF-24DF180F2009}.Release|Any CPU.Build.0 = Release|Any CPU
		{AEA6BD15-2DD3-4041-B9BF-24DF180F2009}.Release|x64.ActiveCfg = Release|Any CPU
		{AEA6BD15-2DD3-4041-B9BF-24DF180F2009}.Release|x64.Build.0 = Release|Any CPU
		{AEA6BD15-2DD3-4041-B9BF-24DF180F2009}.Release|x86.ActiveCfg = Release|Any CPU
		{AEA6BD15-2DD3-4041-B9BF-24DF180F2009}.Release|x86.Build.0 = Release|Any CPU
	EndGlobalSection
	GlobalSection(SolutionProperties) = preSolution
		HideSolutionNode = FALSE
	EndGlobalSection
	GlobalSection(NestedProjects) = preSolution
		{46CD7799-8947-448C-A994-8A0C315CF70D} = {C8476B37-173D-4363-901B-B189E360A3D2}
		{7E10D28A-51EA-42A6-95E9-518D73214D4C} = {C8476B37-173D-4363-901B-B189E360A3D2}
		{F6B8CD44-BA3D-4590-9A97-4E0CBB6F9484} = {C8476B37-173D-4363-901B-B189E360A3D2}
		{56EF358B-C810-42FE-8DB9-629F339A8F7D} = {C8476B37-173D-4363-901B-B189E360A3D2}
		{09954688-C50C-46CD-B187-6BC38D7198EA} = {C8476B37-173D-4363-901B-B189E360A3D2}
		{412A7597-D5FF-4493-9DD1-9095F1FC1C5B} = {C8476B37-173D-4363-901B-B189E360A3D2}
		{AAB6B8FA-467F-4F04-9428-5D3B1241A484} = {C8476B37-173D-4363-901B-B189E360A3D2}
		{88319263-11F9-4244-B66C-BDE5E4A0FD7A} = {C8476B37-173D-4363-901B-B189E360A3D2}
		{DDF2FCF9-BF4F-4369-A1F4-98B67E4B4E65} = {C8476B37-173D-4363-901B-B189E360A3D2}
		{5EB325DF-4DF1-4F96-B2FA-FD4EFA1DD2D9} = {C8476B37-173D-4363-901B-B189E360A3D2}
		{ED8B2C0F-B78F-4909-AAD3-A3A8DD2F90A1} = {C8476B37-173D-4363-901B-B189E360A3D2}
		{94979295-C66B-49C1-8447-C225167F9F3B} = {C8476B37-173D-4363-901B-B189E360A3D2}
		{F625F74D-8D3E-4638-899F-DEAAEBA4C7E6} = {C8476B37-173D-4363-901B-B189E360A3D2}
		{8F13C28C-CF20-439E-BDFB-874B543C111F} = {C8476B37-173D-4363-901B-B189E360A3D2}
		{0B699415-B68E-4C2D-B35A-70AD9CDF236B} = {C8476B37-173D-4363-901B-B189E360A3D2}
		{B86AB723-40D1-48AF-8D46-07F0FC5DE7B2} = {C8476B37-173D-4363-901B-B189E360A3D2}
		{B3860279-3C79-4A8E-B478-B121D5A7CD25} = {C8476B37-173D-4363-901B-B189E360A3D2}
		{32D3B51C-E6D1-4671-9083-997A882E5F09} = {C8476B37-173D-4363-901B-B189E360A3D2}
		{CFFCF9B1-B508-4D3A-9352-C46030684AC8} = {C8476B37-173D-4363-901B-B189E360A3D2}
		{D2D44772-E9AA-4C0F-87BC-118CE7E120D6} = {C8476B37-173D-4363-901B-B189E360A3D2}
		{AEA6BD15-2DD3-4041-B9BF-24DF180F2009} = {C8476B37-173D-4363-901B-B189E360A3D2}
	EndGlobalSection
	GlobalSection(ExtensibilityGlobals) = postSolution
		SolutionGuid = {BF3567F5-A86F-432B-A1E5-9C6A047A8758}
	EndGlobalSection
EndGlobal
